
Microsoft Visual Studio Solution File, Format Version 12.00
# Visual Studio Version 16
VisualStudioVersion = 16.0.30011.22
MinimumVisualStudioVersion = 10.0.40219.1
Project("{9A19103F-16F7-4668-BE54-9A1E7A4F7556}") = "PubErtekelo.BLL", "PubErtekelo.BLL\PubErtekelo.BLL.csproj", "{B3B22939-86D4-4B17-B7E4-5403EA018CF2}"
EndProject
Project("{9A19103F-16F7-4668-BE54-9A1E7A4F7556}") = "PubErtekelo.DAL", "..\PubErtekelo.DAL\PubErtekelo.DAL\PubErtekelo.DAL.csproj", "{D0010A53-4CC2-425C-87BA-87B79FB67A56}"
EndProject
Global
	GlobalSection(SolutionConfigurationPlatforms) = preSolution
		Debug|Any CPU = Debug|Any CPU
		Release|Any CPU = Release|Any CPU
	EndGlobalSection
	GlobalSection(ProjectConfigurationPlatforms) = postSolution
		{B3B22939-86D4-4B17-B7E4-5403EA018CF2}.Debug|Any CPU.ActiveCfg = Debug|Any CPU
		{B3B22939-86D4-4B17-B7E4-5403EA018CF2}.Debug|Any CPU.Build.0 = Debug|Any CPU
		{B3B22939-86D4-4B17-B7E4-5403EA018CF2}.Release|Any CPU.ActiveCfg = Release|Any CPU
		{B3B22939-86D4-4B17-B7E4-5403EA018CF2}.Release|Any CPU.Build.0 = Release|Any CPU
		{D0010A53-4CC2-425C-87BA-87B79FB67A56}.Debug|Any CPU.ActiveCfg = Debug|Any CPU
		{D0010A53-4CC2-425C-87BA-87B79FB67A56}.Debug|Any CPU.Build.0 = Debug|Any CPU
		{D0010A53-4CC2-425C-87BA-87B79FB67A56}.Release|Any CPU.ActiveCfg = Release|Any CPU
		{D0010A53-4CC2-425C-87BA-87B79FB67A56}.Release|Any CPU.Build.0 = Release|Any CPU
	EndGlobalSection
	GlobalSection(SolutionProperties) = preSolution
		HideSolutionNode = FALSE
	EndGlobalSection
	GlobalSection(ExtensibilityGlobals) = postSolution
		SolutionGuid = {57E65BF5-0C31-4310-86D9-4B9E695FA51C}
	EndGlobalSection
EndGlobal
